
Microsoft Visual Studio Solution File, Format Version 12.00
# Visual Studio 15
VisualStudioVersion = 15.0.28307.168
MinimumVisualStudioVersion = 10.0.40219.1
Project("{FAE04EC0-301F-11D3-BF4B-00C04F79EFBC}") = "FlickrDownloader", "FlickrDownloader\FlickrDownloader.csproj", "{73282682-4C0D-4279-9515-DFE2D4F8C066}"
EndProject
Global
	GlobalSection(SolutionConfigurationPlatforms) = preSolution
		Debug|Any CPU = Debug|Any CPU
		Release|Any CPU = Release|Any CPU
	EndGlobalSection
	GlobalSection(ProjectConfigurationPlatforms) = postSolution
		{73282682-4C0D-4279-9515-DFE2D4F8C066}.Debug|Any CPU.ActiveCfg = Debug|Any CPU
		{73282682-4C0D-4279-9515-DFE2D4F8C066}.Debug|Any CPU.Build.0 = Debug|Any CPU
		{73282682-4C0D-4279-9515-DFE2D4F8C066}.Release|Any CPU.ActiveCfg = Release|Any CPU
		{73282682-4C0D-4279-9515-DFE2D4F8C066}.Release|Any CPU.Build.0 = Release|Any CPU
	EndGlobalSection
	GlobalSection(SolutionProperties) = preSolution
		HideSolutionNode = FALSE
	EndGlobalSection
	GlobalSection(ExtensibilityGlobals) = postSolution
		SolutionGuid = {38E14DAA-B3CE-4F25-A50B-2095ECC81DA5}
	EndGlobalSection
EndGlobal
